// !$*UTF8*$!
{
	archiveVersion = 1;
	classes = {
	};
	objectVersion = 52;
	objects = {

/* Begin PBXBuildFile section */
		B40FD7F924CC89DC00A76F92 /* BusinessSearchService.swift in Sources */ = {isa = PBXBuildFile; fileRef = B40FD7F824CC89DC00A76F92 /* BusinessSearchService.swift */; };
		B40FD7FB24CC8D4100A76F92 /* Service.swift in Sources */ = {isa = PBXBuildFile; fileRef = B40FD7FA24CC8D4100A76F92 /* Service.swift */; };
		B40FD7FD24CC932900A76F92 /* BusinessSearchViewModel.swift in Sources */ = {isa = PBXBuildFile; fileRef = B40FD7FC24CC932900A76F92 /* BusinessSearchViewModel.swift */; };
		B40FD80024CCA73A00A76F92 /* ErrorHandler.swift in Sources */ = {isa = PBXBuildFile; fileRef = B40FD7FF24CCA73A00A76F92 /* ErrorHandler.swift */; };
		B40FD80224CCA7F600A76F92 /* BusinessSearchCell.swift in Sources */ = {isa = PBXBuildFile; fileRef = B40FD80124CCA7F600A76F92 /* BusinessSearchCell.swift */; };
		B40FD80524CCA84400A76F92 /* StyleConstants.swift in Sources */ = {isa = PBXBuildFile; fileRef = B40FD80424CCA84400A76F92 /* StyleConstants.swift */; };
		B40FD80724CCADBF00A76F92 /* ReuseIdentifiable.swift in Sources */ = {isa = PBXBuildFile; fileRef = B40FD80624CCADBF00A76F92 /* ReuseIdentifiable.swift */; };
		B40FD80A24CCBBCC00A76F92 /* SDWebImage in Frameworks */ = {isa = PBXBuildFile; productRef = B40FD80924CCBBCC00A76F92 /* SDWebImage */; };
		B40FD80D24CCBC6400A76F92 /* UIImageView+SDWebImage.swift in Sources */ = {isa = PBXBuildFile; fileRef = B40FD80C24CCBC6400A76F92 /* UIImageView+SDWebImage.swift */; };
		B40FD80F24CCC53000A76F92 /* API.swift in Sources */ = {isa = PBXBuildFile; fileRef = B40FD80E24CCC53000A76F92 /* API.swift */; };
		B40FD81124CDAE2900A76F92 /* ReviewSnippets.graphql in Sources */ = {isa = PBXBuildFile; fileRef = B40FD81024CDAE2900A76F92 /* ReviewSnippets.graphql */; };
		B40FD81424CDAECE00A76F92 /* BusinessDetailViewController.swift in Sources */ = {isa = PBXBuildFile; fileRef = B40FD81324CDAECE00A76F92 /* BusinessDetailViewController.swift */; };
		B40FD81624CDAED900A76F92 /* BusinessDetailViewModel.swift in Sources */ = {isa = PBXBuildFile; fileRef = B40FD81524CDAED900A76F92 /* BusinessDetailViewModel.swift */; };
		B40FD81924CDAF7F00A76F92 /* BusinessHeaderView.swift in Sources */ = {isa = PBXBuildFile; fileRef = B40FD81824CDAF7F00A76F92 /* BusinessHeaderView.swift */; };
		B40FD81B24CDB1E700A76F92 /* UILabel+Convenient.swift in Sources */ = {isa = PBXBuildFile; fileRef = B40FD81A24CDB1E700A76F92 /* UILabel+Convenient.swift */; };
		B40FD81D24CDB69E00A76F92 /* UIView+Constraints.swift in Sources */ = {isa = PBXBuildFile; fileRef = B40FD81C24CDB69E00A76F92 /* UIView+Constraints.swift */; };
		B40FD81F24CDB8A800A76F92 /* ProgrammaticUI.swift in Sources */ = {isa = PBXBuildFile; fileRef = B40FD81E24CDB8A800A76F92 /* ProgrammaticUI.swift */; };
		B40FD82124CDB97000A76F92 /* ProgrammaticViewController.swift in Sources */ = {isa = PBXBuildFile; fileRef = B40FD82024CDB97000A76F92 /* ProgrammaticViewController.swift */; };
		B40FD82324CDBAEB00A76F92 /* ReviewService.swift in Sources */ = {isa = PBXBuildFile; fileRef = B40FD82224CDBAEB00A76F92 /* ReviewService.swift */; };
		B40FD82524CDD06400A76F92 /* BusinessReviewCell.swift in Sources */ = {isa = PBXBuildFile; fileRef = B40FD82424CDD06400A76F92 /* BusinessReviewCell.swift */; };
		B423B42224CF928F002FF660 /* Business+Hashable.swift in Sources */ = {isa = PBXBuildFile; fileRef = B423B42124CF928F002FF660 /* Business+Hashable.swift */; };
		B423B42524CFABC1002FF660 /* LocationUtility.swift in Sources */ = {isa = PBXBuildFile; fileRef = B423B42424CFABC1002FF660 /* LocationUtility.swift */; };
		B4C3BCE224CDFA0D0061AF87 /* DefaultImageLoading.swift in Sources */ = {isa = PBXBuildFile; fileRef = B4C3BCE124CDFA0D0061AF87 /* DefaultImageLoading.swift */; };
		B4D2897924CC85C40065EF4A /* AppDelegate.swift in Sources */ = {isa = PBXBuildFile; fileRef = B4D2897824CC85C40065EF4A /* AppDelegate.swift */; };
		B4D2897B24CC85C40065EF4A /* SceneDelegate.swift in Sources */ = {isa = PBXBuildFile; fileRef = B4D2897A24CC85C40065EF4A /* SceneDelegate.swift */; };
		B4D2897D24CC85C40065EF4A /* BusinessSearchViewController.swift in Sources */ = {isa = PBXBuildFile; fileRef = B4D2897C24CC85C40065EF4A /* BusinessSearchViewController.swift */; };
		B4D2898024CC85C40065EF4A /* Main.storyboard in Resources */ = {isa = PBXBuildFile; fileRef = B4D2897E24CC85C40065EF4A /* Main.storyboard */; };
		B4D2898224CC85C50065EF4A /* Assets.xcassets in Resources */ = {isa = PBXBuildFile; fileRef = B4D2898124CC85C50065EF4A /* Assets.xcassets */; };
		B4D2898524CC85C50065EF4A /* LaunchScreen.storyboard in Resources */ = {isa = PBXBuildFile; fileRef = B4D2898324CC85C50065EF4A /* LaunchScreen.storyboard */; };
		B4D2899024CC85C50065EF4A /* YelpSearchTests.swift in Sources */ = {isa = PBXBuildFile; fileRef = B4D2898F24CC85C50065EF4A /* YelpSearchTests.swift */; };
		B4D2899C24CC85E70065EF4A /* ApolloCodegenLib in Frameworks */ = {isa = PBXBuildFile; productRef = B4D2899B24CC85E70065EF4A /* ApolloCodegenLib */; };
		B4D2899E24CC85E70065EF4A /* ApolloWebSocket in Frameworks */ = {isa = PBXBuildFile; productRef = B4D2899D24CC85E70065EF4A /* ApolloWebSocket */; };
		B4D289A024CC85E70065EF4A /* Apollo in Frameworks */ = {isa = PBXBuildFile; productRef = B4D2899F24CC85E70065EF4A /* Apollo */; };
		B4D289A224CC85E70065EF4A /* ApolloCore in Frameworks */ = {isa = PBXBuildFile; productRef = B4D289A124CC85E70065EF4A /* ApolloCore */; };
		B4D289A624CC86430065EF4A /* schema.json in Resources */ = {isa = PBXBuildFile; fileRef = B4D289A524CC86430065EF4A /* schema.json */; };
		B4D289A824CC865A0065EF4A /* BusinessSearch.graphql in Resources */ = {isa = PBXBuildFile; fileRef = B4D289A724CC865A0065EF4A /* BusinessSearch.graphql */; };
		B4D289AC24CC869F0065EF4A /* Network.swift in Sources */ = {isa = PBXBuildFile; fileRef = B4D289AB24CC869F0065EF4A /* Network.swift */; };
/* End PBXBuildFile section */

/* Begin PBXContainerItemProxy section */
		B4D2898C24CC85C50065EF4A /* PBXContainerItemProxy */ = {
			isa = PBXContainerItemProxy;
			containerPortal = B4D2896D24CC85C40065EF4A /* Project object */;
			proxyType = 1;
			remoteGlobalIDString = B4D2897424CC85C40065EF4A;
			remoteInfo = YelpSearch;
		};
/* End PBXContainerItemProxy section */

/* Begin PBXFileReference section */
		B40FD7F824CC89DC00A76F92 /* BusinessSearchService.swift */ = {isa = PBXFileReference; lastKnownFileType = sourcecode.swift; path = BusinessSearchService.swift; sourceTree = "<group>"; };
		B40FD7FA24CC8D4100A76F92 /* Service.swift */ = {isa = PBXFileReference; lastKnownFileType = sourcecode.swift; path = Service.swift; sourceTree = "<group>"; };
		B40FD7FC24CC932900A76F92 /* BusinessSearchViewModel.swift */ = {isa = PBXFileReference; lastKnownFileType = sourcecode.swift; path = BusinessSearchViewModel.swift; sourceTree = "<group>"; };
		B40FD7FF24CCA73A00A76F92 /* ErrorHandler.swift */ = {isa = PBXFileReference; lastKnownFileType = sourcecode.swift; path = ErrorHandler.swift; sourceTree = "<group>"; };
		B40FD80124CCA7F600A76F92 /* BusinessSearchCell.swift */ = {isa = PBXFileReference; lastKnownFileType = sourcecode.swift; path = BusinessSearchCell.swift; sourceTree = "<group>"; };
		B40FD80424CCA84400A76F92 /* StyleConstants.swift */ = {isa = PBXFileReference; lastKnownFileType = sourcecode.swift; path = StyleConstants.swift; sourceTree = "<group>"; };
		B40FD80624CCADBF00A76F92 /* ReuseIdentifiable.swift */ = {isa = PBXFileReference; lastKnownFileType = sourcecode.swift; path = ReuseIdentifiable.swift; sourceTree = "<group>"; };
		B40FD80C24CCBC6400A76F92 /* UIImageView+SDWebImage.swift */ = {isa = PBXFileReference; lastKnownFileType = sourcecode.swift; path = "UIImageView+SDWebImage.swift"; sourceTree = "<group>"; };
		B40FD80E24CCC53000A76F92 /* API.swift */ = {isa = PBXFileReference; fileEncoding = 4; lastKnownFileType = sourcecode.swift; path = API.swift; sourceTree = "<group>"; };
		B40FD81024CDAE2900A76F92 /* ReviewSnippets.graphql */ = {isa = PBXFileReference; lastKnownFileType = text; path = ReviewSnippets.graphql; sourceTree = "<group>"; };
		B40FD81324CDAECE00A76F92 /* BusinessDetailViewController.swift */ = {isa = PBXFileReference; lastKnownFileType = sourcecode.swift; path = BusinessDetailViewController.swift; sourceTree = "<group>"; };
		B40FD81524CDAED900A76F92 /* BusinessDetailViewModel.swift */ = {isa = PBXFileReference; lastKnownFileType = sourcecode.swift; path = BusinessDetailViewModel.swift; sourceTree = "<group>"; };
		B40FD81824CDAF7F00A76F92 /* BusinessHeaderView.swift */ = {isa = PBXFileReference; lastKnownFileType = sourcecode.swift; path = BusinessHeaderView.swift; sourceTree = "<group>"; };
		B40FD81A24CDB1E700A76F92 /* UILabel+Convenient.swift */ = {isa = PBXFileReference; lastKnownFileType = sourcecode.swift; path = "UILabel+Convenient.swift"; sourceTree = "<group>"; };
		B40FD81C24CDB69E00A76F92 /* UIView+Constraints.swift */ = {isa = PBXFileReference; lastKnownFileType = sourcecode.swift; path = "UIView+Constraints.swift"; sourceTree = "<group>"; };
		B40FD81E24CDB8A800A76F92 /* ProgrammaticUI.swift */ = {isa = PBXFileReference; lastKnownFileType = sourcecode.swift; path = ProgrammaticUI.swift; sourceTree = "<group>"; };
		B40FD82024CDB97000A76F92 /* ProgrammaticViewController.swift */ = {isa = PBXFileReference; lastKnownFileType = sourcecode.swift; path = ProgrammaticViewController.swift; sourceTree = "<group>"; };
		B40FD82224CDBAEB00A76F92 /* ReviewService.swift */ = {isa = PBXFileReference; lastKnownFileType = sourcecode.swift; path = ReviewService.swift; sourceTree = "<group>"; };
		B40FD82424CDD06400A76F92 /* BusinessReviewCell.swift */ = {isa = PBXFileReference; lastKnownFileType = sourcecode.swift; path = BusinessReviewCell.swift; sourceTree = "<group>"; };
		B423B42124CF928F002FF660 /* Business+Hashable.swift */ = {isa = PBXFileReference; lastKnownFileType = sourcecode.swift; path = "Business+Hashable.swift"; sourceTree = "<group>"; };
		B423B42424CFABC1002FF660 /* LocationUtility.swift */ = {isa = PBXFileReference; lastKnownFileType = sourcecode.swift; path = LocationUtility.swift; sourceTree = "<group>"; };
		B4C3BCE124CDFA0D0061AF87 /* DefaultImageLoading.swift */ = {isa = PBXFileReference; lastKnownFileType = sourcecode.swift; path = DefaultImageLoading.swift; sourceTree = "<group>"; };
		B4D2897524CC85C40065EF4A /* YelpSearch.app */ = {isa = PBXFileReference; explicitFileType = wrapper.application; includeInIndex = 0; path = YelpSearch.app; sourceTree = BUILT_PRODUCTS_DIR; };
		B4D2897824CC85C40065EF4A /* AppDelegate.swift */ = {isa = PBXFileReference; lastKnownFileType = sourcecode.swift; path = AppDelegate.swift; sourceTree = "<group>"; };
		B4D2897A24CC85C40065EF4A /* SceneDelegate.swift */ = {isa = PBXFileReference; lastKnownFileType = sourcecode.swift; path = SceneDelegate.swift; sourceTree = "<group>"; };
		B4D2897C24CC85C40065EF4A /* BusinessSearchViewController.swift */ = {isa = PBXFileReference; lastKnownFileType = sourcecode.swift; path = BusinessSearchViewController.swift; sourceTree = "<group>"; };
		B4D2897F24CC85C40065EF4A /* Base */ = {isa = PBXFileReference; lastKnownFileType = file.storyboard; name = Base; path = Base.lproj/Main.storyboard; sourceTree = "<group>"; };
		B4D2898124CC85C50065EF4A /* Assets.xcassets */ = {isa = PBXFileReference; lastKnownFileType = folder.assetcatalog; path = Assets.xcassets; sourceTree = "<group>"; };
		B4D2898424CC85C50065EF4A /* Base */ = {isa = PBXFileReference; lastKnownFileType = file.storyboard; name = Base; path = Base.lproj/LaunchScreen.storyboard; sourceTree = "<group>"; };
		B4D2898624CC85C50065EF4A /* Info.plist */ = {isa = PBXFileReference; lastKnownFileType = text.plist.xml; path = Info.plist; sourceTree = "<group>"; };
		B4D2898B24CC85C50065EF4A /* YelpSearchTests.xctest */ = {isa = PBXFileReference; explicitFileType = wrapper.cfbundle; includeInIndex = 0; path = YelpSearchTests.xctest; sourceTree = BUILT_PRODUCTS_DIR; };
		B4D2898F24CC85C50065EF4A /* YelpSearchTests.swift */ = {isa = PBXFileReference; lastKnownFileType = sourcecode.swift; path = YelpSearchTests.swift; sourceTree = "<group>"; };
		B4D2899124CC85C50065EF4A /* Info.plist */ = {isa = PBXFileReference; lastKnownFileType = text.plist.xml; path = Info.plist; sourceTree = "<group>"; };
		B4D289A524CC86430065EF4A /* schema.json */ = {isa = PBXFileReference; fileEncoding = 4; lastKnownFileType = text.json; path = schema.json; sourceTree = "<group>"; };
		B4D289A724CC865A0065EF4A /* BusinessSearch.graphql */ = {isa = PBXFileReference; fileEncoding = 4; lastKnownFileType = text; path = BusinessSearch.graphql; sourceTree = "<group>"; };
		B4D289AB24CC869F0065EF4A /* Network.swift */ = {isa = PBXFileReference; fileEncoding = 4; lastKnownFileType = sourcecode.swift; path = Network.swift; sourceTree = "<group>"; };
/* End PBXFileReference section */

/* Begin PBXFrameworksBuildPhase section */
		B4D2897224CC85C40065EF4A /* Frameworks */ = {
			isa = PBXFrameworksBuildPhase;
			buildActionMask = 2147483647;
			files = (
				B4D2899C24CC85E70065EF4A /* ApolloCodegenLib in Frameworks */,
				B4D289A024CC85E70065EF4A /* Apollo in Frameworks */,
				B4D289A224CC85E70065EF4A /* ApolloCore in Frameworks */,
				B4D2899E24CC85E70065EF4A /* ApolloWebSocket in Frameworks */,
				B40FD80A24CCBBCC00A76F92 /* SDWebImage in Frameworks */,
			);
			runOnlyForDeploymentPostprocessing = 0;
		};
		B4D2898824CC85C50065EF4A /* Frameworks */ = {
			isa = PBXFrameworksBuildPhase;
			buildActionMask = 2147483647;
			files = (
			);
			runOnlyForDeploymentPostprocessing = 0;
		};
/* End PBXFrameworksBuildPhase section */

/* Begin PBXGroup section */
		B40FD7F724CC89CC00A76F92 /* Service */ = {
			isa = PBXGroup;
			children = (
				B40FD7FA24CC8D4100A76F92 /* Service.swift */,
				B40FD7F824CC89DC00A76F92 /* BusinessSearchService.swift */,
				B40FD82224CDBAEB00A76F92 /* ReviewService.swift */,
			);
			path = Service;
			sourceTree = "<group>";
		};
		B40FD7FE24CCA72600A76F92 /* Protocol */ = {
			isa = PBXGroup;
			children = (
				B40FD7FF24CCA73A00A76F92 /* ErrorHandler.swift */,
				B40FD80624CCADBF00A76F92 /* ReuseIdentifiable.swift */,
				B40FD81E24CDB8A800A76F92 /* ProgrammaticUI.swift */,
				B4C3BCE124CDFA0D0061AF87 /* DefaultImageLoading.swift */,
			);
			path = Protocol;
			sourceTree = "<group>";
		};
		B40FD80324CCA83700A76F92 /* Style */ = {
			isa = PBXGroup;
			children = (
				B40FD80424CCA84400A76F92 /* StyleConstants.swift */,
			);
			path = Style;
			sourceTree = "<group>";
		};
		B40FD80B24CCBC5300A76F92 /* Extensions */ = {
			isa = PBXGroup;
			children = (
				B40FD80C24CCBC6400A76F92 /* UIImageView+SDWebImage.swift */,
				B40FD81A24CDB1E700A76F92 /* UILabel+Convenient.swift */,
				B40FD81C24CDB69E00A76F92 /* UIView+Constraints.swift */,
			);
			path = Extensions;
			sourceTree = "<group>";
		};
		B40FD81224CDAEB500A76F92 /* BusinessDetail */ = {
			isa = PBXGroup;
			children = (
				B40FD81824CDAF7F00A76F92 /* BusinessHeaderView.swift */,
				B40FD82424CDD06400A76F92 /* BusinessReviewCell.swift */,
				B40FD81524CDAED900A76F92 /* BusinessDetailViewModel.swift */,
				B40FD81324CDAECE00A76F92 /* BusinessDetailViewController.swift */,
			);
			path = BusinessDetail;
			sourceTree = "<group>";
		};
		B423B42324CFABB1002FF660 /* Utilities */ = {
			isa = PBXGroup;
			children = (
				B423B42424CFABC1002FF660 /* LocationUtility.swift */,
			);
			path = Utilities;
			sourceTree = "<group>";
		};
		B4D2896C24CC85C40065EF4A = {
			isa = PBXGroup;
			children = (
				B4D2897724CC85C40065EF4A /* YelpSearch */,
				B4D2898E24CC85C50065EF4A /* YelpSearchTests */,
				B4D2897624CC85C40065EF4A /* Products */,
			);
			sourceTree = "<group>";
		};
		B4D2897624CC85C40065EF4A /* Products */ = {
			isa = PBXGroup;
			children = (
				B4D2897524CC85C40065EF4A /* YelpSearch.app */,
				B4D2898B24CC85C50065EF4A /* YelpSearchTests.xctest */,
			);
			name = Products;
			sourceTree = "<group>";
		};
		B4D2897724CC85C40065EF4A /* YelpSearch */ = {
			isa = PBXGroup;
			children = (
				B4D2897824CC85C40065EF4A /* AppDelegate.swift */,
				B4D2897A24CC85C40065EF4A /* SceneDelegate.swift */,
				B4D2897E24CC85C40065EF4A /* Main.storyboard */,
				B4D2898124CC85C50065EF4A /* Assets.xcassets */,
				B4D2898324CC85C50065EF4A /* LaunchScreen.storyboard */,
				B4D2898624CC85C50065EF4A /* Info.plist */,
				B40FD80B24CCBC5300A76F92 /* Extensions */,
				B4D289A324CC85F10065EF4A /* GraphQL */,
				B40FD7FE24CCA72600A76F92 /* Protocol */,
				B40FD7F724CC89CC00A76F92 /* Service */,
				B40FD80324CCA83700A76F92 /* Style */,
				B423B42324CFABB1002FF660 /* Utilities */,
				B4D289AD24CC87810065EF4A /* ViewControllers */,
			);
			path = YelpSearch;
			sourceTree = "<group>";
		};
		B4D2898E24CC85C50065EF4A /* YelpSearchTests */ = {
			isa = PBXGroup;
			children = (
				B4D2898F24CC85C50065EF4A /* YelpSearchTests.swift */,
				B4D2899124CC85C50065EF4A /* Info.plist */,
			);
			path = YelpSearchTests;
			sourceTree = "<group>";
		};
		B4D289A324CC85F10065EF4A /* GraphQL */ = {
			isa = PBXGroup;
			children = (
				B4D289A524CC86430065EF4A /* schema.json */,
				B4D289A724CC865A0065EF4A /* BusinessSearch.graphql */,
				B40FD81024CDAE2900A76F92 /* ReviewSnippets.graphql */,
				B40FD80E24CCC53000A76F92 /* API.swift */,
				B4D289AB24CC869F0065EF4A /* Network.swift */,
			);
			path = GraphQL;
			sourceTree = "<group>";
		};
		B4D289AD24CC87810065EF4A /* ViewControllers */ = {
			isa = PBXGroup;
			children = (
				B40FD82024CDB97000A76F92 /* ProgrammaticViewController.swift */,
				B4D289AE24CC87C20065EF4A /* BusinessSearch */,
				B40FD81224CDAEB500A76F92 /* BusinessDetail */,
			);
			path = ViewControllers;
			sourceTree = "<group>";
		};
		B4D289AE24CC87C20065EF4A /* BusinessSearch */ = {
			isa = PBXGroup;
			children = (
				B423B42124CF928F002FF660 /* Business+Hashable.swift */,
				B40FD80124CCA7F600A76F92 /* BusinessSearchCell.swift */,
				B40FD7FC24CC932900A76F92 /* BusinessSearchViewModel.swift */,
				B4D2897C24CC85C40065EF4A /* BusinessSearchViewController.swift */,
			);
			path = BusinessSearch;
			sourceTree = "<group>";
		};
/* End PBXGroup section */

/* Begin PBXNativeTarget section */
		B4D2897424CC85C40065EF4A /* YelpSearch */ = {
			isa = PBXNativeTarget;
			buildConfigurationList = B4D2899424CC85C50065EF4A /* Build configuration list for PBXNativeTarget "YelpSearch" */;
			buildPhases = (
				B4D289A424CC86100065EF4A /* Apollo CLI */,
				B4D2897124CC85C40065EF4A /* Sources */,
				B4D2897224CC85C40065EF4A /* Frameworks */,
				B4D2897324CC85C40065EF4A /* Resources */,
			);
			buildRules = (
			);
			dependencies = (
			);
			name = YelpSearch;
			packageProductDependencies = (
				B4D2899B24CC85E70065EF4A /* ApolloCodegenLib */,
				B4D2899D24CC85E70065EF4A /* ApolloWebSocket */,
				B4D2899F24CC85E70065EF4A /* Apollo */,
				B4D289A124CC85E70065EF4A /* ApolloCore */,
				B40FD80924CCBBCC00A76F92 /* SDWebImage */,
			);
			productName = YelpSearch;
			productReference = B4D2897524CC85C40065EF4A /* YelpSearch.app */;
			productType = "com.apple.product-type.application";
		};
		B4D2898A24CC85C50065EF4A /* YelpSearchTests */ = {
			isa = PBXNativeTarget;
			buildConfigurationList = B4D2899724CC85C50065EF4A /* Build configuration list for PBXNativeTarget "YelpSearchTests" */;
			buildPhases = (
				B4D2898724CC85C50065EF4A /* Sources */,
				B4D2898824CC85C50065EF4A /* Frameworks */,
				B4D2898924CC85C50065EF4A /* Resources */,
			);
			buildRules = (
			);
			dependencies = (
				B4D2898D24CC85C50065EF4A /* PBXTargetDependency */,
			);
			name = YelpSearchTests;
			productName = YelpSearchTests;
			productReference = B4D2898B24CC85C50065EF4A /* YelpSearchTests.xctest */;
			productType = "com.apple.product-type.bundle.unit-test";
		};
/* End PBXNativeTarget section */

/* Begin PBXProject section */
		B4D2896D24CC85C40065EF4A /* Project object */ = {
			isa = PBXProject;
			attributes = {
				LastSwiftUpdateCheck = 1160;
				LastUpgradeCheck = 1160;
				ORGANIZATIONNAME = "Rifeng Ding";
				TargetAttributes = {
					B4D2897424CC85C40065EF4A = {
						CreatedOnToolsVersion = 11.6;
					};
					B4D2898A24CC85C50065EF4A = {
						CreatedOnToolsVersion = 11.6;
						TestTargetID = B4D2897424CC85C40065EF4A;
					};
				};
			};
			buildConfigurationList = B4D2897024CC85C40065EF4A /* Build configuration list for PBXProject "YelpSearch" */;
			compatibilityVersion = "Xcode 9.3";
			developmentRegion = en;
			hasScannedForEncodings = 0;
			knownRegions = (
				en,
				Base,
			);
			mainGroup = B4D2896C24CC85C40065EF4A;
			packageReferences = (
				B4D2899A24CC85E70065EF4A /* XCRemoteSwiftPackageReference "apollo-ios" */,
				B40FD80824CCBBCC00A76F92 /* XCRemoteSwiftPackageReference "SDWebImage" */,
			);
			productRefGroup = B4D2897624CC85C40065EF4A /* Products */;
			projectDirPath = "";
			projectRoot = "";
			targets = (
				B4D2897424CC85C40065EF4A /* YelpSearch */,
				B4D2898A24CC85C50065EF4A /* YelpSearchTests */,
			);
		};
/* End PBXProject section */

/* Begin PBXResourcesBuildPhase section */
		B4D2897324CC85C40065EF4A /* Resources */ = {
			isa = PBXResourcesBuildPhase;
			buildActionMask = 2147483647;
			files = (
				B4D289A824CC865A0065EF4A /* BusinessSearch.graphql in Resources */,
				B4D289A624CC86430065EF4A /* schema.json in Resources */,
				B4D2898524CC85C50065EF4A /* LaunchScreen.storyboard in Resources */,
				B4D2898224CC85C50065EF4A /* Assets.xcassets in Resources */,
				B4D2898024CC85C40065EF4A /* Main.storyboard in Resources */,
			);
			runOnlyForDeploymentPostprocessing = 0;
		};
		B4D2898924CC85C50065EF4A /* Resources */ = {
			isa = PBXResourcesBuildPhase;
			buildActionMask = 2147483647;
			files = (
			);
			runOnlyForDeploymentPostprocessing = 0;
		};
/* End PBXResourcesBuildPhase section */

/* Begin PBXShellScriptBuildPhase section */
		B4D289A424CC86100065EF4A /* Apollo CLI */ = {
			isa = PBXShellScriptBuildPhase;
			buildActionMask = 2147483647;
			files = (
			);
			inputFileListPaths = (
			);
			inputPaths = (
			);
			name = "Apollo CLI";
			outputFileListPaths = (
			);
			outputPaths = (
			);
			runOnlyForDeploymentPostprocessing = 0;
			shellPath = /bin/sh;
			shellScript = "# Go to the build root and search up the chain to find the Derived Data Path where the source packages are checked out.\nDERIVED_DATA_CANDIDATE=\"${BUILD_ROOT}\"\n\nwhile ! [ -d \"${DERIVED_DATA_CANDIDATE}/SourcePackages\" ]; do\n  if [ \"${DERIVED_DATA_CANDIDATE}\" = / ]; then\n    echo >&2 \"error: Unable to locate SourcePackages directory from BUILD_ROOT: '${BUILD_ROOT}'\"\n    exit 1\n  fi\n\n  DERIVED_DATA_CANDIDATE=\"$(dirname \"${DERIVED_DATA_CANDIDATE}\")\"\ndone\n\n# Grab a reference to the directory where scripts are checked out\nSCRIPT_PATH=\"${DERIVED_DATA_CANDIDATE}/SourcePackages/checkouts/apollo-ios/scripts\"\n\nif [ -z \"${SCRIPT_PATH}\" ]; then\n    echo >&2 \"error: Couldn't find the CLI script in your checked out SPM packages; make sure to add the framework to your project.\"\n    exit 1\nfi\n\ncd \"${SRCROOT}/${TARGET_NAME}/GraphQL\"\n\n# Download GraphQA schema\n#\"${SCRIPT_PATH}\"/run-bundled-codegen.sh schema:download --endpoint=\"https://api.yelp.com/v3/graphql\" --header \"Authorization: Bearer a5yxz4J9Ut959boT7u4Agla43oRGl5HP4nTDF7z7-ZNhl6ymeSKJutXeaoJcWwV0a6wr1wlKOOhMCm91nJn6lQtRi-8l5mwUeu2_8EiEolca-6mwGcMVRGy1NB8cX3Yx\"\n\n\"${SCRIPT_PATH}\"/run-bundled-codegen.sh codegen:generate --target=swift --includes=./**/*.graphql --localSchemaFile=\"schema.json\" API.swift\n";
		};
/* End PBXShellScriptBuildPhase section */

/* Begin PBXSourcesBuildPhase section */
		B4D2897124CC85C40065EF4A /* Sources */ = {
			isa = PBXSourcesBuildPhase;
			buildActionMask = 2147483647;
			files = (
				B4D289AC24CC869F0065EF4A /* Network.swift in Sources */,
				B40FD81B24CDB1E700A76F92 /* UILabel+Convenient.swift in Sources */,
				B40FD80224CCA7F600A76F92 /* BusinessSearchCell.swift in Sources */,
				B423B42524CFABC1002FF660 /* LocationUtility.swift in Sources */,
				B4D2897D24CC85C40065EF4A /* BusinessSearchViewController.swift in Sources */,
				B40FD81624CDAED900A76F92 /* BusinessDetailViewModel.swift in Sources */,
				B423B42224CF928F002FF660 /* Business+Hashable.swift in Sources */,
				B4C3BCE224CDFA0D0061AF87 /* DefaultImageLoading.swift in Sources */,
				B40FD82324CDBAEB00A76F92 /* ReviewService.swift in Sources */,
				B4D2897924CC85C40065EF4A /* AppDelegate.swift in Sources */,
				B40FD7FB24CC8D4100A76F92 /* Service.swift in Sources */,
				B40FD80D24CCBC6400A76F92 /* UIImageView+SDWebImage.swift in Sources */,
				B40FD81124CDAE2900A76F92 /* ReviewSnippets.graphql in Sources */,
				B4D2897B24CC85C40065EF4A /* SceneDelegate.swift in Sources */,
				B40FD80024CCA73A00A76F92 /* ErrorHandler.swift in Sources */,
				B40FD81F24CDB8A800A76F92 /* ProgrammaticUI.swift in Sources */,
				B40FD81424CDAECE00A76F92 /* BusinessDetailViewController.swift in Sources */,
				B40FD82524CDD06400A76F92 /* BusinessReviewCell.swift in Sources */,
				B40FD81924CDAF7F00A76F92 /* BusinessHeaderView.swift in Sources */,
				B40FD80F24CCC53000A76F92 /* API.swift in Sources */,
				B40FD80524CCA84400A76F92 /* StyleConstants.swift in Sources */,
				B40FD82124CDB97000A76F92 /* ProgrammaticViewController.swift in Sources */,
				B40FD7FD24CC932900A76F92 /* BusinessSearchViewModel.swift in Sources */,
				B40FD81D24CDB69E00A76F92 /* UIView+Constraints.swift in Sources */,
				B40FD80724CCADBF00A76F92 /* ReuseIdentifiable.swift in Sources */,
				B40FD7F924CC89DC00A76F92 /* BusinessSearchService.swift in Sources */,
			);
			runOnlyForDeploymentPostprocessing = 0;
		};
		B4D2898724CC85C50065EF4A /* Sources */ = {
			isa = PBXSourcesBuildPhase;
			buildActionMask = 2147483647;
			files = (
				B4D2899024CC85C50065EF4A /* YelpSearchTests.swift in Sources */,
			);
			runOnlyForDeploymentPostprocessing = 0;
		};
/* End PBXSourcesBuildPhase section */

/* Begin PBXTargetDependency section */
		B4D2898D24CC85C50065EF4A /* PBXTargetDependency */ = {
			isa = PBXTargetDependency;
			target = B4D2897424CC85C40065EF4A /* YelpSearch */;
			targetProxy = B4D2898C24CC85C50065EF4A /* PBXContainerItemProxy */;
		};
/* End PBXTargetDependency section */

/* Begin PBXVariantGroup section */
		B4D2897E24CC85C40065EF4A /* Main.storyboard */ = {
			isa = PBXVariantGroup;
			children = (
				B4D2897F24CC85C40065EF4A /* Base */,
			);
			name = Main.storyboard;
			sourceTree = "<group>";
		};
		B4D2898324CC85C50065EF4A /* LaunchScreen.storyboard */ = {
			isa = PBXVariantGroup;
			children = (
				B4D2898424CC85C50065EF4A /* Base */,
			);
			name = LaunchScreen.storyboard;
			sourceTree = "<group>";
		};
/* End PBXVariantGroup section */

/* Begin XCBuildConfiguration section */
		B4D2899224CC85C50065EF4A /* Debug */ = {
			isa = XCBuildConfiguration;
			buildSettings = {
				ALWAYS_SEARCH_USER_PATHS = NO;
				CLANG_ANALYZER_NONNULL = YES;
				CLANG_ANALYZER_NUMBER_OBJECT_CONVERSION = YES_AGGRESSIVE;
				CLANG_CXX_LANGUAGE_STANDARD = "gnu++14";
				CLANG_CXX_LIBRARY = "libc++";
				CLANG_ENABLE_MODULES = YES;
				CLANG_ENABLE_OBJC_ARC = YES;
				CLANG_ENABLE_OBJC_WEAK = YES;
				CLANG_WARN_BLOCK_CAPTURE_AUTORELEASING = YES;
				CLANG_WARN_BOOL_CONVERSION = YES;
				CLANG_WARN_COMMA = YES;
				CLANG_WARN_CONSTANT_CONVERSION = YES;
				CLANG_WARN_DEPRECATED_OBJC_IMPLEMENTATIONS = YES;
				CLANG_WARN_DIRECT_OBJC_ISA_USAGE = YES_ERROR;
				CLANG_WARN_DOCUMENTATION_COMMENTS = YES;
				CLANG_WARN_EMPTY_BODY = YES;
				CLANG_WARN_ENUM_CONVERSION = YES;
				CLANG_WARN_INFINITE_RECURSION = YES;
				CLANG_WARN_INT_CONVERSION = YES;
				CLANG_WARN_NON_LITERAL_NULL_CONVERSION = YES;
				CLANG_WARN_OBJC_IMPLICIT_RETAIN_SELF = YES;
				CLANG_WARN_OBJC_LITERAL_CONVERSION = YES;
				CLANG_WARN_OBJC_ROOT_CLASS = YES_ERROR;
				CLANG_WARN_RANGE_LOOP_ANALYSIS = YES;
				CLANG_WARN_STRICT_PROTOTYPES = YES;
				CLANG_WARN_SUSPICIOUS_MOVE = YES;
				CLANG_WARN_UNGUARDED_AVAILABILITY = YES_AGGRESSIVE;
				CLANG_WARN_UNREACHABLE_CODE = YES;
				CLANG_WARN__DUPLICATE_METHOD_MATCH = YES;
				COPY_PHASE_STRIP = NO;
				DEBUG_INFORMATION_FORMAT = dwarf;
				ENABLE_STRICT_OBJC_MSGSEND = YES;
				ENABLE_TESTABILITY = YES;
				GCC_C_LANGUAGE_STANDARD = gnu11;
				GCC_DYNAMIC_NO_PIC = NO;
				GCC_NO_COMMON_BLOCKS = YES;
				GCC_OPTIMIZATION_LEVEL = 0;
				GCC_PREPROCESSOR_DEFINITIONS = (
					"DEBUG=1",
					"$(inherited)",
				);
				GCC_WARN_64_TO_32_BIT_CONVERSION = YES;
				GCC_WARN_ABOUT_RETURN_TYPE = YES_ERROR;
				GCC_WARN_UNDECLARED_SELECTOR = YES;
				GCC_WARN_UNINITIALIZED_AUTOS = YES_AGGRESSIVE;
				GCC_WARN_UNUSED_FUNCTION = YES;
				GCC_WARN_UNUSED_VARIABLE = YES;
				IPHONEOS_DEPLOYMENT_TARGET = 13.6;
				MTL_ENABLE_DEBUG_INFO = INCLUDE_SOURCE;
				MTL_FAST_MATH = YES;
				ONLY_ACTIVE_ARCH = YES;
				SDKROOT = iphoneos;
				SWIFT_ACTIVE_COMPILATION_CONDITIONS = DEBUG;
				SWIFT_OPTIMIZATION_LEVEL = "-Onone";
			};
			name = Debug;
		};
		B4D2899324CC85C50065EF4A /* Release */ = {
			isa = XCBuildConfiguration;
			buildSettings = {
				ALWAYS_SEARCH_USER_PATHS = NO;
				CLANG_ANALYZER_NONNULL = YES;
				CLANG_ANALYZER_NUMBER_OBJECT_CONVERSION = YES_AGGRESSIVE;
				CLANG_CXX_LANGUAGE_STANDARD = "gnu++14";
				CLANG_CXX_LIBRARY = "libc++";
				CLANG_ENABLE_MODULES = YES;
				CLANG_ENABLE_OBJC_ARC = YES;
				CLANG_ENABLE_OBJC_WEAK = YES;
				CLANG_WARN_BLOCK_CAPTURE_AUTORELEASING = YES;
				CLANG_WARN_BOOL_CONVERSION = YES;
				CLANG_WARN_COMMA = YES;
				CLANG_WARN_CONSTANT_CONVERSION = YES;
				CLANG_WARN_DEPRECATED_OBJC_IMPLEMENTATIONS = YES;
				CLANG_WARN_DIRECT_OBJC_ISA_USAGE = YES_ERROR;
				CLANG_WARN_DOCUMENTATION_COMMENTS = YES;
				CLANG_WARN_EMPTY_BODY = YES;
				CLANG_WARN_ENUM_CONVERSION = YES;
				CLANG_WARN_INFINITE_RECURSION = YES;
				CLANG_WARN_INT_CONVERSION = YES;
				CLANG_WARN_NON_LITERAL_NULL_CONVERSION = YES;
				CLANG_WARN_OBJC_IMPLICIT_RETAIN_SELF = YES;
				CLANG_WARN_OBJC_LITERAL_CONVERSION = YES;
				CLANG_WARN_OBJC_ROOT_CLASS = YES_ERROR;
				CLANG_WARN_RANGE_LOOP_ANALYSIS = YES;
				CLANG_WARN_STRICT_PROTOTYPES = YES;
				CLANG_WARN_SUSPICIOUS_MOVE = YES;
				CLANG_WARN_UNGUARDED_AVAILABILITY = YES_AGGRESSIVE;
				CLANG_WARN_UNREACHABLE_CODE = YES;
				CLANG_WARN__DUPLICATE_METHOD_MATCH = YES;
				COPY_PHASE_STRIP = NO;
				DEBUG_INFORMATION_FORMAT = "dwarf-with-dsym";
				ENABLE_NS_ASSERTIONS = NO;
				ENABLE_STRICT_OBJC_MSGSEND = YES;
				GCC_C_LANGUAGE_STANDARD = gnu11;
				GCC_NO_COMMON_BLOCKS = YES;
				GCC_WARN_64_TO_32_BIT_CONVERSION = YES;
				GCC_WARN_ABOUT_RETURN_TYPE = YES_ERROR;
				GCC_WARN_UNDECLARED_SELECTOR = YES;
				GCC_WARN_UNINITIALIZED_AUTOS = YES_AGGRESSIVE;
				GCC_WARN_UNUSED_FUNCTION = YES;
				GCC_WARN_UNUSED_VARIABLE = YES;
				IPHONEOS_DEPLOYMENT_TARGET = 13.6;
				MTL_ENABLE_DEBUG_INFO = NO;
				MTL_FAST_MATH = YES;
				SDKROOT = iphoneos;
				SWIFT_COMPILATION_MODE = wholemodule;
				SWIFT_OPTIMIZATION_LEVEL = "-O";
				VALIDATE_PRODUCT = YES;
			};
			name = Release;
		};
		B4D2899524CC85C50065EF4A /* Debug */ = {
			isa = XCBuildConfiguration;
			buildSettings = {
				ASSETCATALOG_COMPILER_APPICON_NAME = AppIcon;
				CODE_SIGN_STYLE = Automatic;
				DEVELOPMENT_TEAM = 4FVQPRS8SG;
				INFOPLIST_FILE = YelpSearch/Info.plist;
				LD_RUNPATH_SEARCH_PATHS = (
					"$(inherited)",
					"@executable_path/Frameworks",
				);
				PRODUCT_BUNDLE_IDENTIFIER = "com.rifeng-ding.YelpSearch";
				PRODUCT_NAME = "$(TARGET_NAME)";
				SWIFT_VERSION = 5.0;
				TARGETED_DEVICE_FAMILY = "1,2";
			};
			name = Debug;
		};
		B4D2899624CC85C50065EF4A /* Release */ = {
			isa = XCBuildConfiguration;
			buildSettings = {
				ASSETCATALOG_COMPILER_APPICON_NAME = AppIcon;
				CODE_SIGN_STYLE = Automatic;
				DEVELOPMENT_TEAM = 4FVQPRS8SG;
				INFOPLIST_FILE = YelpSearch/Info.plist;
				LD_RUNPATH_SEARCH_PATHS = (
					"$(inherited)",
					"@executable_path/Frameworks",
				);
				PRODUCT_BUNDLE_IDENTIFIER = "com.rifeng-ding.YelpSearch";
				PRODUCT_NAME = "$(TARGET_NAME)";
				SWIFT_VERSION = 5.0;
				TARGETED_DEVICE_FAMILY = "1,2";
			};
			name = Release;
		};
		B4D2899824CC85C50065EF4A /* Debug */ = {
			isa = XCBuildConfiguration;
			buildSettings = {
				ALWAYS_EMBED_SWIFT_STANDARD_LIBRARIES = YES;
				BUNDLE_LOADER = "$(TEST_HOST)";
				CODE_SIGN_STYLE = Automatic;
				DEVELOPMENT_TEAM = 4FVQPRS8SG;
				INFOPLIST_FILE = YelpSearchTests/Info.plist;
				IPHONEOS_DEPLOYMENT_TARGET = 13.6;
				LD_RUNPATH_SEARCH_PATHS = (
					"$(inherited)",
					"@executable_path/Frameworks",
					"@loader_path/Frameworks",
				);
				PRODUCT_BUNDLE_IDENTIFIER = "com.rifeng-ding.YelpSearchTests";
				PRODUCT_NAME = "$(TARGET_NAME)";
				SWIFT_VERSION = 5.0;
				TARGETED_DEVICE_FAMILY = "1,2";
				TEST_HOST = "$(BUILT_PRODUCTS_DIR)/YelpSearch.app/YelpSearch";
			};
			name = Debug;
		};
		B4D2899924CC85C50065EF4A /* Release */ = {
			isa = XCBuildConfiguration;
			buildSettings = {
				ALWAYS_EMBED_SWIFT_STANDARD_LIBRARIES = YES;
				BUNDLE_LOADER = "$(TEST_HOST)";
				CODE_SIGN_STYLE = Automatic;
				DEVELOPMENT_TEAM = 4FVQPRS8SG;
				INFOPLIST_FILE = YelpSearchTests/Info.plist;
				IPHONEOS_DEPLOYMENT_TARGET = 13.6;
				LD_RUNPATH_SEARCH_PATHS = (
					"$(inherited)",
					"@executable_path/Frameworks",
					"@loader_path/Frameworks",
				);
				PRODUCT_BUNDLE_IDENTIFIER = "com.rifeng-ding.YelpSearchTests";
				PRODUCT_NAME = "$(TARGET_NAME)";
				SWIFT_VERSION = 5.0;
				TARGETED_DEVICE_FAMILY = "1,2";
				TEST_HOST = "$(BUILT_PRODUCTS_DIR)/YelpSearch.app/YelpSearch";
			};
			name = Release;
		};
/* End XCBuildConfiguration section */

/* Begin XCConfigurationList section */
		B4D2897024CC85C40065EF4A /* Build configuration list for PBXProject "YelpSearch" */ = {
			isa = XCConfigurationList;
			buildConfigurations = (
				B4D2899224CC85C50065EF4A /* Debug */,
				B4D2899324CC85C50065EF4A /* Release */,
			);
			defaultConfigurationIsVisible = 0;
			defaultConfigurationName = Release;
		};
		B4D2899424CC85C50065EF4A /* Build configuration list for PBXNativeTarget "YelpSearch" */ = {
			isa = XCConfigurationList;
			buildConfigurations = (
				B4D2899524CC85C50065EF4A /* Debug */,
				B4D2899624CC85C50065EF4A /* Release */,
			);
			defaultConfigurationIsVisible = 0;
			defaultConfigurationName = Release;
		};
		B4D2899724CC85C50065EF4A /* Build configuration list for PBXNativeTarget "YelpSearchTests" */ = {
			isa = XCConfigurationList;
			buildConfigurations = (
				B4D2899824CC85C50065EF4A /* Debug */,
				B4D2899924CC85C50065EF4A /* Release */,
			);
			defaultConfigurationIsVisible = 0;
			defaultConfigurationName = Release;
		};
/* End XCConfigurationList section */

/* Begin XCRemoteSwiftPackageReference section */
		B40FD80824CCBBCC00A76F92 /* XCRemoteSwiftPackageReference "SDWebImage" */ = {
			isa = XCRemoteSwiftPackageReference;
			repositoryURL = "https://github.com/SDWebImage/SDWebImage.git";
			requirement = {
				kind = upToNextMinorVersion;
				minimumVersion = 5.8.4;
			};
		};
		B4D2899A24CC85E70065EF4A /* XCRemoteSwiftPackageReference "apollo-ios" */ = {
			isa = XCRemoteSwiftPackageReference;
			repositoryURL = "https://github.com/apollographql/apollo-ios.git";
			requirement = {
				kind = upToNextMajorVersion;
				minimumVersion = 0.30.0;
			};
		};
/* End XCRemoteSwiftPackageReference section */

/* Begin XCSwiftPackageProductDependency section */
		B40FD80924CCBBCC00A76F92 /* SDWebImage */ = {
			isa = XCSwiftPackageProductDependency;
			package = B40FD80824CCBBCC00A76F92 /* XCRemoteSwiftPackageReference "SDWebImage" */;
			productName = SDWebImage;
		};
		B4D2899B24CC85E70065EF4A /* ApolloCodegenLib */ = {
			isa = XCSwiftPackageProductDependency;
			package = B4D2899A24CC85E70065EF4A /* XCRemoteSwiftPackageReference "apollo-ios" */;
			productName = ApolloCodegenLib;
		};
		B4D2899D24CC85E70065EF4A /* ApolloWebSocket */ = {
			isa = XCSwiftPackageProductDependency;
			package = B4D2899A24CC85E70065EF4A /* XCRemoteSwiftPackageReference "apollo-ios" */;
			productName = ApolloWebSocket;
		};
		B4D2899F24CC85E70065EF4A /* Apollo */ = {
			isa = XCSwiftPackageProductDependency;
			package = B4D2899A24CC85E70065EF4A /* XCRemoteSwiftPackageReference "apollo-ios" */;
			productName = Apollo;
		};
		B4D289A124CC85E70065EF4A /* ApolloCore */ = {
			isa = XCSwiftPackageProductDependency;
			package = B4D2899A24CC85E70065EF4A /* XCRemoteSwiftPackageReference "apollo-ios" */;
			productName = ApolloCore;
		};
/* End XCSwiftPackageProductDependency section */
	};
	rootObject = B4D2896D24CC85C40065EF4A /* Project object */;
}
